
Microsoft Visual Studio Solution File, Format Version 11.00
# Visual Studio 2010
Project("{FAE04EC0-301F-11D3-BF4B-00C04F79EFBC}") = "BuildSave", "BuildSave\BuildSave.csproj", "{B4938A9C-E456-4AE5-BA6D-68C86E7D488A}"
EndProject
Project("{FAE04EC0-301F-11D3-BF4B-00C04F79EFBC}") = "BuildSaveUi", "BuildSaveUi\BuildSaveUi.csproj", "{DC918082-7711-4903-8E43-C38A680813A5}"
EndProject
Global
	GlobalSection(SolutionConfigurationPlatforms) = preSolution
		Debug|Any CPU = Debug|Any CPU
		Release|Any CPU = Release|Any CPU
	EndGlobalSection
	GlobalSection(ProjectConfigurationPlatforms) = postSolution
		{B4938A9C-E456-4AE5-BA6D-68C86E7D488A}.Debug|Any CPU.ActiveCfg = Debug|Any CPU
		{B4938A9C-E456-4AE5-BA6D-68C86E7D488A}.Debug|Any CPU.Build.0 = Debug|Any CPU
		{B4938A9C-E456-4AE5-BA6D-68C86E7D488A}.Release|Any CPU.ActiveCfg = Release|Any CPU
		{B4938A9C-E456-4AE5-BA6D-68C86E7D488A}.Release|Any CPU.Build.0 = Release|Any CPU
		{DC918082-7711-4903-8E43-C38A680813A5}.Debug|Any CPU.ActiveCfg = Debug|Any CPU
		{DC918082-7711-4903-8E43-C38A680813A5}.Debug|Any CPU.Build.0 = Debug|Any CPU
		{DC918082-7711-4903-8E43-C38A680813A5}.Release|Any CPU.ActiveCfg = Release|Any CPU
		{DC918082-7711-4903-8E43-C38A680813A5}.Release|Any CPU.Build.0 = Release|Any CPU
	EndGlobalSection
	GlobalSection(SolutionProperties) = preSolution
		HideSolutionNode = FALSE
	EndGlobalSection
EndGlobal
