
Microsoft Visual Studio Solution File, Format Version 11.00
# Visual Studio 2010
Project("{FAE04EC0-301F-11D3-BF4B-00C04F79EFBC}") = "VSAddinDemo", "VSAddinDemo\VSAddinDemo.csproj", "{74D8D3ED-C63F-43EC-A49C-D35566809879}"
EndProject
Global
	GlobalSection(SolutionConfigurationPlatforms) = preSolution
		Debug|Any CPU = Debug|Any CPU
		Release|Any CPU = Release|Any CPU
	EndGlobalSection
	GlobalSection(ProjectConfigurationPlatforms) = postSolution
		{74D8D3ED-C63F-43EC-A49C-D35566809879}.Debug|Any CPU.ActiveCfg = Debug|Any CPU
		{74D8D3ED-C63F-43EC-A49C-D35566809879}.Debug|Any CPU.Build.0 = Debug|Any CPU
		{74D8D3ED-C63F-43EC-A49C-D35566809879}.Release|Any CPU.ActiveCfg = Release|Any CPU
		{74D8D3ED-C63F-43EC-A49C-D35566809879}.Release|Any CPU.Build.0 = Release|Any CPU
	EndGlobalSection
	GlobalSection(SolutionProperties) = preSolution
		HideSolutionNode = FALSE
	EndGlobalSection
EndGlobal
