
Microsoft Visual Studio Solution File, Format Version 11.00
# Visual Studio 2010
Project("{FAE04EC0-301F-11D3-BF4B-00C04F79EFBC}") = "TechEval_CCI_MC", "TechEval_CCI_MC\TechEval_CCI_MC.csproj", "{57B0E3AA-7949-4BE0-B465-2DCF75C0780F}"
EndProject
Global
	GlobalSection(SolutionConfigurationPlatforms) = preSolution
		Debug|Any CPU = Debug|Any CPU
		Release|Any CPU = Release|Any CPU
	EndGlobalSection
	GlobalSection(ProjectConfigurationPlatforms) = postSolution
		{57B0E3AA-7949-4BE0-B465-2DCF75C0780F}.Debug|Any CPU.ActiveCfg = Debug|Any CPU
		{57B0E3AA-7949-4BE0-B465-2DCF75C0780F}.Debug|Any CPU.Build.0 = Debug|Any CPU
		{57B0E3AA-7949-4BE0-B465-2DCF75C0780F}.Release|Any CPU.ActiveCfg = Release|Any CPU
		{57B0E3AA-7949-4BE0-B465-2DCF75C0780F}.Release|Any CPU.Build.0 = Release|Any CPU
	EndGlobalSection
	GlobalSection(SolutionProperties) = preSolution
		HideSolutionNode = FALSE
	EndGlobalSection
EndGlobal
